// !$*UTF8*$!
{
	archiveVersion = 1;
	classes = {
	};
	objectVersion = 46;
	objects = {

/* Begin PBXBuildFile section */
		589F2B591A28FEE7000C122E /* ADSLib.h in Headers */ = {isa = PBXBuildFile; fileRef = 589F2B581A28FEE7000C122E /* ADSLib.h */; };
		589F2B5B1A28FEE7000C122E /* ADSLib.m in Sources */ = {isa = PBXBuildFile; fileRef = 589F2B5A1A28FEE7000C122E /* ADSLib.m */; };
		589F2B711A28FF79000C122E /* ADSArraySortByCountingTestCase.m in Sources */ = {isa = PBXBuildFile; fileRef = 589F2B701A28FF79000C122E /* ADSArraySortByCountingTestCase.m */; };
		589F2B781A291673000C122E /* libADSLib.dylib in Frameworks */ = {isa = PBXBuildFile; fileRef = 589F2B561A28FEE7000C122E /* libADSLib.dylib */; };
		BE2135EA68A92C4BE2743B8A /* libtommath.a in Frameworks */ = {isa = PBXBuildFile; fileRef = BE213D96544EC37BDBE5B2A5 /* libtommath.a */; };
		BE21366DAA3A72F3A595C4D8 /* ADSTomIntegerTestCase.m in Sources */ = {isa = PBXBuildFile; fileRef = BE21360B6EC9676BC44E5223 /* ADSTomIntegerTestCase.m */; };
		BE21372867FB44A3D5F0E22E /* NSMutableArray+ADS_Sorting.m in Sources */ = {isa = PBXBuildFile; fileRef = BE21364E471401A73D3F4C59 /* NSMutableArray+ADS_Sorting.m */; };
		BE213858A4014060EC6B7961 /* tommath_class.h in Headers */ = {isa = PBXBuildFile; fileRef = BE213DDDEA412C28653E73D3 /* tommath_class.h */; };
		BE2138F25CF64FED202292ED /* NSArray+ADS_Sorting.m in Sources */ = {isa = PBXBuildFile; fileRef = BE213CB0925B03447DB2D651 /* NSArray+ADS_Sorting.m */; };
		BE213942EBA18E9332FDBFCF /* ADSArraySearchLinearTestCase.m in Sources */ = {isa = PBXBuildFile; fileRef = BE213ED740C65F6257C2376A /* ADSArraySearchLinearTestCase.m */; };
		BE213B2929AB2A2BE5CDAA46 /* ADSArraySearchBinaryTestCase.m in Sources */ = {isa = PBXBuildFile; fileRef = BE2131A1F06E700BB73A3A48 /* ADSArraySearchBinaryTestCase.m */; };
		BE213C6F9FAEE7F014DCE5D9 /* NSArray+ADS_Search.m in Sources */ = {isa = PBXBuildFile; fileRef = BE21341288526BF65D537913 /* NSArray+ADS_Search.m */; };
		BE213D68B749954F34F943B7 /* tommath.h in Headers */ = {isa = PBXBuildFile; fileRef = BE213DC06D1ADAC472353288 /* tommath.h */; };
		BE213DA68CE5948721A2FF09 /* ADSTomInteger.h in Headers */ = {isa = PBXBuildFile; fileRef = BE213F95FE07B9E8638C6A72 /* ADSTomInteger.h */; };
		BE213F2CA41EE85164C9B99A /* ADSTomInteger.m in Sources */ = {isa = PBXBuildFile; fileRef = BE21300632F2CB53793495BC /* ADSTomInteger.m */; };
		BE213F53A491A7EDF0E698D9 /* tommath_superclass.h in Headers */ = {isa = PBXBuildFile; fileRef = BE213EF2795F068A0D3B07AA /* tommath_superclass.h */; };
/* End PBXBuildFile section */

/* Begin PBXContainerItemProxy section */
		589F2B761A29166F000C122E /* PBXContainerItemProxy */ = {
			isa = PBXContainerItemProxy;
			containerPortal = BE2136613AEADC5778E9A91F /* Project object */;
			proxyType = 1;
			remoteGlobalIDString = 589F2B551A28FEE7000C122E;
			remoteInfo = ADSLib;
		};
/* End PBXContainerItemProxy section */

/* Begin PBXFileReference section */
		589F2B561A28FEE7000C122E /* libADSLib.dylib */ = {isa = PBXFileReference; explicitFileType = "compiled.mach-o.dylib"; includeInIndex = 0; path = libADSLib.dylib; sourceTree = BUILT_PRODUCTS_DIR; };
		589F2B581A28FEE7000C122E /* ADSLib.h */ = {isa = PBXFileReference; lastKnownFileType = sourcecode.c.h; path = ADSLib.h; sourceTree = "<group>"; };
		589F2B5A1A28FEE7000C122E /* ADSLib.m */ = {isa = PBXFileReference; lastKnownFileType = sourcecode.c.objc; path = ADSLib.m; sourceTree = "<group>"; };
		589F2B601A28FEE7000C122E /* ADSLibTests.xctest */ = {isa = PBXFileReference; explicitFileType = wrapper.cfbundle; includeInIndex = 0; path = ADSLibTests.xctest; sourceTree = BUILT_PRODUCTS_DIR; };
		589F2B661A28FEE7000C122E /* Info.plist */ = {isa = PBXFileReference; lastKnownFileType = text.plist.xml; path = Info.plist; sourceTree = "<group>"; };
		589F2B701A28FF79000C122E /* ADSArraySortByCountingTestCase.m */ = {isa = PBXFileReference; fileEncoding = 4; lastKnownFileType = sourcecode.c.objc; path = ADSArraySortByCountingTestCase.m; sourceTree = "<group>"; };
		BE21300632F2CB53793495BC /* ADSTomInteger.m */ = {isa = PBXFileReference; fileEncoding = 4; lastKnownFileType = sourcecode.c.objc; path = ADSTomInteger.m; sourceTree = "<group>"; };
		BE21309E3AF4CAC724A45C7F /* NSMutableArray+ADS_Sorting.h */ = {isa = PBXFileReference; fileEncoding = 4; lastKnownFileType = sourcecode.c.h; path = "NSMutableArray+ADS_Sorting.h"; sourceTree = "<group>"; };
		BE2131A1F06E700BB73A3A48 /* ADSArraySearchBinaryTestCase.m */ = {isa = PBXFileReference; fileEncoding = 4; lastKnownFileType = sourcecode.c.objc; path = ADSArraySearchBinaryTestCase.m; sourceTree = "<group>"; };
		BE2131C7FE7AF0D728BEF64F /* NSArray+ADS_Sorting.h */ = {isa = PBXFileReference; fileEncoding = 4; lastKnownFileType = sourcecode.c.h; path = "NSArray+ADS_Sorting.h"; sourceTree = "<group>"; };
		BE21341288526BF65D537913 /* NSArray+ADS_Search.m */ = {isa = PBXFileReference; fileEncoding = 4; lastKnownFileType = sourcecode.c.objc; path = "NSArray+ADS_Search.m"; sourceTree = "<group>"; };
		BE2134DFADB93191BD22A1DC /* NSArray+ADS_Search.h */ = {isa = PBXFileReference; fileEncoding = 4; lastKnownFileType = sourcecode.c.h; path = "NSArray+ADS_Search.h"; sourceTree = "<group>"; };
		BE21360B6EC9676BC44E5223 /* ADSTomIntegerTestCase.m */ = {isa = PBXFileReference; fileEncoding = 4; lastKnownFileType = sourcecode.c.objc; path = ADSTomIntegerTestCase.m; sourceTree = "<group>"; };
		BE21364E471401A73D3F4C59 /* NSMutableArray+ADS_Sorting.m */ = {isa = PBXFileReference; fileEncoding = 4; lastKnownFileType = sourcecode.c.objc; path = "NSMutableArray+ADS_Sorting.m"; sourceTree = "<group>"; };
		BE213CB0925B03447DB2D651 /* NSArray+ADS_Sorting.m */ = {isa = PBXFileReference; fileEncoding = 4; lastKnownFileType = sourcecode.c.objc; path = "NSArray+ADS_Sorting.m"; sourceTree = "<group>"; };
		BE213D96544EC37BDBE5B2A5 /* libtommath.a */ = {isa = PBXFileReference; lastKnownFileType = archive.ar; path = libtommath.a; sourceTree = "<group>"; };
		BE213DC06D1ADAC472353288 /* tommath.h */ = {isa = PBXFileReference; fileEncoding = 4; lastKnownFileType = sourcecode.c.h; path = tommath.h; sourceTree = "<group>"; };
		BE213DDDEA412C28653E73D3 /* tommath_class.h */ = {isa = PBXFileReference; fileEncoding = 4; lastKnownFileType = sourcecode.c.h; path = tommath_class.h; sourceTree = "<group>"; };
		BE213ED740C65F6257C2376A /* ADSArraySearchLinearTestCase.m */ = {isa = PBXFileReference; fileEncoding = 4; lastKnownFileType = sourcecode.c.objc; path = ADSArraySearchLinearTestCase.m; sourceTree = "<group>"; };
		BE213EF2795F068A0D3B07AA /* tommath_superclass.h */ = {isa = PBXFileReference; fileEncoding = 4; lastKnownFileType = sourcecode.c.h; path = tommath_superclass.h; sourceTree = "<group>"; };
		BE213F95FE07B9E8638C6A72 /* ADSTomInteger.h */ = {isa = PBXFileReference; fileEncoding = 4; lastKnownFileType = sourcecode.c.h; path = ADSTomInteger.h; sourceTree = "<group>"; };
/* End PBXFileReference section */

/* Begin PBXFrameworksBuildPhase section */
		589F2B531A28FEE7000C122E /* Frameworks */ = {
			isa = PBXFrameworksBuildPhase;
			buildActionMask = 2147483647;
			files = (
				BE2135EA68A92C4BE2743B8A /* libtommath.a in Frameworks */,
			);
			runOnlyForDeploymentPostprocessing = 0;
		};
		589F2B5D1A28FEE7000C122E /* Frameworks */ = {
			isa = PBXFrameworksBuildPhase;
			buildActionMask = 2147483647;
			files = (
				589F2B781A291673000C122E /* libADSLib.dylib in Frameworks */,
			);
			runOnlyForDeploymentPostprocessing = 0;
		};
/* End PBXFrameworksBuildPhase section */

/* Begin PBXGroup section */
		589F2B571A28FEE7000C122E /* ADSLib */ = {
			isa = PBXGroup;
			children = (
				589F2B581A28FEE7000C122E /* ADSLib.h */,
				589F2B5A1A28FEE7000C122E /* ADSLib.m */,
				BE213E3E6079C84E38413F30 /* NSArray Categories */,
				BE21397A03D024180A3BD391 /* Data Structures */,
			);
			path = ADSLib;
			sourceTree = "<group>";
		};
		589F2B641A28FEE7000C122E /* ADSLibTests */ = {
			isa = PBXGroup;
			children = (
				589F2B651A28FEE7000C122E /* Supporting Files */,
				589F2B701A28FF79000C122E /* ADSArraySortByCountingTestCase.m */,
				BE213ED740C65F6257C2376A /* ADSArraySearchLinearTestCase.m */,
				BE2131A1F06E700BB73A3A48 /* ADSArraySearchBinaryTestCase.m */,
				BE21360B6EC9676BC44E5223 /* ADSTomIntegerTestCase.m */,
			);
			path = ADSLibTests;
			sourceTree = "<group>";
		};
		589F2B651A28FEE7000C122E /* Supporting Files */ = {
			isa = PBXGroup;
			children = (
				589F2B661A28FEE7000C122E /* Info.plist */,
			);
			name = "Supporting Files";
			sourceTree = "<group>";
		};
		BE2132759B855BA11AA55187 = {
			isa = PBXGroup;
			children = (
				589F2B571A28FEE7000C122E /* ADSLib */,
				589F2B641A28FEE7000C122E /* ADSLibTests */,
				BE213320C371E068CEE48230 /* Products */,
				BE2136E27C65AFFF3E3828DC /* TomMath Library */,
			);
			sourceTree = "<group>";
		};
		BE213320C371E068CEE48230 /* Products */ = {
			isa = PBXGroup;
			children = (
				589F2B561A28FEE7000C122E /* libADSLib.dylib */,
				589F2B601A28FEE7000C122E /* ADSLibTests.xctest */,
			);
			name = Products;
			sourceTree = "<group>";
		};
		BE2136E27C65AFFF3E3828DC /* TomMath Library */ = {
			isa = PBXGroup;
			children = (
				BE213D96544EC37BDBE5B2A5 /* libtommath.a */,
				BE213DC06D1ADAC472353288 /* tommath.h */,
				BE213DDDEA412C28653E73D3 /* tommath_class.h */,
				BE213EF2795F068A0D3B07AA /* tommath_superclass.h */,
			);
			path = "TomMath Library";
			sourceTree = "<group>";
		};
		BE21397A03D024180A3BD391 /* Data Structures */ = {
			isa = PBXGroup;
			children = (
				BE213B4F85A45C7A2ADEB251 /* Long Arithmetic */,
			);
			path = "Data Structures";
			sourceTree = "<group>";
		};
		BE213B4F85A45C7A2ADEB251 /* Long Arithmetic */ = {
			isa = PBXGroup;
			children = (
				BE213F95FE07B9E8638C6A72 /* ADSTomInteger.h */,
				BE21300632F2CB53793495BC /* ADSTomInteger.m */,
			);
			path = "Long Arithmetic";
			sourceTree = "<group>";
		};
		BE213E3E6079C84E38413F30 /* NSArray Categories */ = {
			isa = PBXGroup;
			children = (
				BE2134DFADB93191BD22A1DC /* NSArray+ADS_Search.h */,
				BE21341288526BF65D537913 /* NSArray+ADS_Search.m */,
				BE2131C7FE7AF0D728BEF64F /* NSArray+ADS_Sorting.h */,
				BE213CB0925B03447DB2D651 /* NSArray+ADS_Sorting.m */,
				BE21309E3AF4CAC724A45C7F /* NSMutableArray+ADS_Sorting.h */,
				BE21364E471401A73D3F4C59 /* NSMutableArray+ADS_Sorting.m */,
			);
			path = "NSArray Categories";
			sourceTree = "<group>";
		};
/* End PBXGroup section */

/* Begin PBXHeadersBuildPhase section */
		589F2B541A28FEE7000C122E /* Headers */ = {
			isa = PBXHeadersBuildPhase;
			buildActionMask = 2147483647;
			files = (
				589F2B591A28FEE7000C122E /* ADSLib.h in Headers */,
				BE213D68B749954F34F943B7 /* tommath.h in Headers */,
				BE213858A4014060EC6B7961 /* tommath_class.h in Headers */,
				BE213F53A491A7EDF0E698D9 /* tommath_superclass.h in Headers */,
				BE213DA68CE5948721A2FF09 /* ADSTomInteger.h in Headers */,
			);
			runOnlyForDeploymentPostprocessing = 0;
		};
/* End PBXHeadersBuildPhase section */

/* Begin PBXNativeTarget section */
		589F2B551A28FEE7000C122E /* ADSLib */ = {
			isa = PBXNativeTarget;
			buildConfigurationList = 589F2B6B1A28FEE7000C122E /* Build configuration list for PBXNativeTarget "ADSLib" */;
			buildPhases = (
				589F2B521A28FEE7000C122E /* Sources */,
				589F2B531A28FEE7000C122E /* Frameworks */,
				589F2B541A28FEE7000C122E /* Headers */,
			);
			buildRules = (
			);
			dependencies = (
			);
			name = ADSLib;
			productName = ADSLib;
			productReference = 589F2B561A28FEE7000C122E /* libADSLib.dylib */;
			productType = "com.apple.product-type.library.dynamic";
		};
		589F2B5F1A28FEE7000C122E /* ADSLibTests */ = {
			isa = PBXNativeTarget;
			buildConfigurationList = 589F2B6C1A28FEE7000C122E /* Build configuration list for PBXNativeTarget "ADSLibTests" */;
			buildPhases = (
				589F2B5C1A28FEE7000C122E /* Sources */,
				589F2B5D1A28FEE7000C122E /* Frameworks */,
				589F2B5E1A28FEE7000C122E /* Resources */,
			);
			buildRules = (
			);
			dependencies = (
				589F2B771A29166F000C122E /* PBXTargetDependency */,
			);
			name = ADSLibTests;
			productName = ADSLibTests;
			productReference = 589F2B601A28FEE7000C122E /* ADSLibTests.xctest */;
			productType = "com.apple.product-type.bundle.unit-test";
		};
/* End PBXNativeTarget section */

/* Begin PBXProject section */
		BE2136613AEADC5778E9A91F /* Project object */ = {
			isa = PBXProject;
			attributes = {
				LastUpgradeCheck = 0610;
				ORGANIZATIONNAME = ASPCartman;
				TargetAttributes = {
					589F2B551A28FEE7000C122E = {
						CreatedOnToolsVersion = 6.1;
					};
					589F2B5F1A28FEE7000C122E = {
						CreatedOnToolsVersion = 6.1;
					};
				};
			};
			buildConfigurationList = BE213E94C62E971D05740518 /* Build configuration list for PBXProject "Algorithms and Data Structures" */;
			compatibilityVersion = "Xcode 3.2";
			developmentRegion = English;
			hasScannedForEncodings = 0;
			knownRegions = (
				en,
			);
			mainGroup = BE2132759B855BA11AA55187;
			productRefGroup = BE213320C371E068CEE48230 /* Products */;
			projectDirPath = "";
			projectRoot = "";
			targets = (
				589F2B551A28FEE7000C122E /* ADSLib */,
				589F2B5F1A28FEE7000C122E /* ADSLibTests */,
			);
		};
/* End PBXProject section */

/* Begin PBXResourcesBuildPhase section */
		589F2B5E1A28FEE7000C122E /* Resources */ = {
			isa = PBXResourcesBuildPhase;
			buildActionMask = 2147483647;
			files = (
			);
			runOnlyForDeploymentPostprocessing = 0;
		};
/* End PBXResourcesBuildPhase section */

/* Begin PBXSourcesBuildPhase section */
		589F2B521A28FEE7000C122E /* Sources */ = {
			isa = PBXSourcesBuildPhase;
			buildActionMask = 2147483647;
			files = (
				589F2B5B1A28FEE7000C122E /* ADSLib.m in Sources */,
				BE213C6F9FAEE7F014DCE5D9 /* NSArray+ADS_Search.m in Sources */,
				BE2138F25CF64FED202292ED /* NSArray+ADS_Sorting.m in Sources */,
				BE21372867FB44A3D5F0E22E /* NSMutableArray+ADS_Sorting.m in Sources */,
				BE213F2CA41EE85164C9B99A /* ADSTomInteger.m in Sources */,
			);
			runOnlyForDeploymentPostprocessing = 0;
		};
		589F2B5C1A28FEE7000C122E /* Sources */ = {
			isa = PBXSourcesBuildPhase;
			buildActionMask = 2147483647;
			files = (
				589F2B711A28FF79000C122E /* ADSArraySortByCountingTestCase.m in Sources */,
				BE213942EBA18E9332FDBFCF /* ADSArraySearchLinearTestCase.m in Sources */,
				BE213B2929AB2A2BE5CDAA46 /* ADSArraySearchBinaryTestCase.m in Sources */,
				BE21366DAA3A72F3A595C4D8 /* ADSTomIntegerTestCase.m in Sources */,
			);
			runOnlyForDeploymentPostprocessing = 0;
		};
/* End PBXSourcesBuildPhase section */

/* Begin PBXTargetDependency section */
		589F2B771A29166F000C122E /* PBXTargetDependency */ = {
			isa = PBXTargetDependency;
			target = 589F2B551A28FEE7000C122E /* ADSLib */;
			targetProxy = 589F2B761A29166F000C122E /* PBXContainerItemProxy */;
		};
/* End PBXTargetDependency section */

/* Begin XCBuildConfiguration section */
		589F2B671A28FEE7000C122E /* Debug */ = {
			isa = XCBuildConfiguration;
			buildSettings = {
				COMBINE_HIDPI_IMAGES = YES;
				DYLIB_COMPATIBILITY_VERSION = 1;
				DYLIB_CURRENT_VERSION = 1;
				EXECUTABLE_PREFIX = lib;
				GCC_PREPROCESSOR_DEFINITIONS = (
					"DEBUG=1",
					"$(inherited)",
				);
				KEEP_PRIVATE_EXTERNS = NO;
				LIBRARY_SEARCH_PATHS = "./**";
				PRODUCT_NAME = "$(TARGET_NAME)";
			};
			name = Debug;
		};
		589F2B681A28FEE7000C122E /* Release */ = {
			isa = XCBuildConfiguration;
			buildSettings = {
				COMBINE_HIDPI_IMAGES = YES;
				DYLIB_COMPATIBILITY_VERSION = 1;
				DYLIB_CURRENT_VERSION = 1;
				EXECUTABLE_PREFIX = lib;
				KEEP_PRIVATE_EXTERNS = NO;
				LIBRARY_SEARCH_PATHS = "./**";
				PRODUCT_NAME = "$(TARGET_NAME)";
			};
			name = Release;
		};
		589F2B691A28FEE7000C122E /* Debug */ = {
			isa = XCBuildConfiguration;
			buildSettings = {
				COMBINE_HIDPI_IMAGES = YES;
				FRAMEWORK_SEARCH_PATHS = (
					"$(DEVELOPER_FRAMEWORKS_DIR)",
					"$(inherited)",
				);
				GCC_PREPROCESSOR_DEFINITIONS = (
					"DEBUG=1",
					"$(inherited)",
				);
				INFOPLIST_FILE = ADSLibTests/Info.plist;
				LD_RUNPATH_SEARCH_PATHS = "$(inherited) @executable_path/../Frameworks @loader_path/../Frameworks";
				LIBRARY_SEARCH_PATHS = "\"${PROJECT_DIR}/TomMath Library\"/**";
				PRODUCT_NAME = "$(TARGET_NAME)";
			};
			name = Debug;
		};
		589F2B6A1A28FEE7000C122E /* Release */ = {
			isa = XCBuildConfiguration;
			buildSettings = {
				COMBINE_HIDPI_IMAGES = YES;
				FRAMEWORK_SEARCH_PATHS = (
					"$(DEVELOPER_FRAMEWORKS_DIR)",
					"$(inherited)",
				);
				INFOPLIST_FILE = ADSLibTests/Info.plist;
				LD_RUNPATH_SEARCH_PATHS = "$(inherited) @executable_path/../Frameworks @loader_path/../Frameworks";
				LIBRARY_SEARCH_PATHS = "\"${PROJECT_DIR}/TomMath Library\"/**";
				PRODUCT_NAME = "$(TARGET_NAME)";
			};
			name = Release;
		};
		BE2137C14E3EDEB3B7688D70 /* Debug */ = {
			isa = XCBuildConfiguration;
			buildSettings = {
				ALWAYS_SEARCH_USER_PATHS = NO;
				CLANG_CXX_LANGUAGE_STANDARD = "gnu++0x";
				CLANG_CXX_LIBRARY = "libc++";
				CLANG_ENABLE_MODULES = YES;
				CLANG_ENABLE_OBJC_ARC = YES;
				CLANG_WARN_BOOL_CONVERSION = YES;
				CLANG_WARN_CONSTANT_CONVERSION = YES;
				CLANG_WARN_DIRECT_OBJC_ISA_USAGE = YES_ERROR;
				CLANG_WARN_EMPTY_BODY = YES;
				CLANG_WARN_ENUM_CONVERSION = YES;
				CLANG_WARN_INT_CONVERSION = YES;
				CLANG_WARN_OBJC_ROOT_CLASS = YES_ERROR;
				CLANG_WARN_UNREACHABLE_CODE = YES;
				CLANG_WARN__DUPLICATE_METHOD_MATCH = YES;
				COPY_PHASE_STRIP = NO;
				ENABLE_STRICT_OBJC_MSGSEND = YES;
				GCC_C_LANGUAGE_STANDARD = gnu99;
				GCC_DYNAMIC_NO_PIC = NO;
				GCC_OPTIMIZATION_LEVEL = 0;
				GCC_PREPROCESSOR_DEFINITIONS = (
					"DEBUG=1",
					"$(inherited)",
				);
				GCC_SYMBOLS_PRIVATE_EXTERN = NO;
				GCC_WARN_64_TO_32_BIT_CONVERSION = YES;
				GCC_WARN_ABOUT_RETURN_TYPE = YES_ERROR;
				GCC_WARN_UNDECLARED_SELECTOR = YES;
				GCC_WARN_UNINITIALIZED_AUTOS = YES_AGGRESSIVE;
				GCC_WARN_UNUSED_FUNCTION = YES;
				GCC_WARN_UNUSED_VARIABLE = YES;
				MACOSX_DEPLOYMENT_TARGET = 10.10;
				MTL_ENABLE_DEBUG_INFO = YES;
				ONLY_ACTIVE_ARCH = YES;
				SDKROOT = macosx;
			};
			name = Debug;
		};
		BE213CD99A8165CAD9B2E0A1 /* Release */ = {
			isa = XCBuildConfiguration;
			buildSettings = {
				ALWAYS_SEARCH_USER_PATHS = NO;
				CLANG_CXX_LANGUAGE_STANDARD = "gnu++0x";
				CLANG_CXX_LIBRARY = "libc++";
				CLANG_ENABLE_MODULES = YES;
				CLANG_ENABLE_OBJC_ARC = YES;
				CLANG_WARN_BOOL_CONVERSION = YES;
				CLANG_WARN_CONSTANT_CONVERSION = YES;
				CLANG_WARN_DIRECT_OBJC_ISA_USAGE = YES_ERROR;
				CLANG_WARN_EMPTY_BODY = YES;
				CLANG_WARN_ENUM_CONVERSION = YES;
				CLANG_WARN_INT_CONVERSION = YES;
				CLANG_WARN_OBJC_ROOT_CLASS = YES_ERROR;
				CLANG_WARN_UNREACHABLE_CODE = YES;
				CLANG_WARN__DUPLICATE_METHOD_MATCH = YES;
				COPY_PHASE_STRIP = YES;
				DEBUG_INFORMATION_FORMAT = "dwarf-with-dsym";
				ENABLE_NS_ASSERTIONS = NO;
				ENABLE_STRICT_OBJC_MSGSEND = YES;
				GCC_C_LANGUAGE_STANDARD = gnu99;
				GCC_WARN_64_TO_32_BIT_CONVERSION = YES;
				GCC_WARN_ABOUT_RETURN_TYPE = YES_ERROR;
				GCC_WARN_UNDECLARED_SELECTOR = YES;
				GCC_WARN_UNINITIALIZED_AUTOS = YES_AGGRESSIVE;
				GCC_WARN_UNUSED_FUNCTION = YES;
				GCC_WARN_UNUSED_VARIABLE = YES;
				MACOSX_DEPLOYMENT_TARGET = 10.10;
				MTL_ENABLE_DEBUG_INFO = NO;
				SDKROOT = macosx;
			};
			name = Release;
		};
/* End XCBuildConfiguration section */

/* Begin XCConfigurationList section */
		589F2B6B1A28FEE7000C122E /* Build configuration list for PBXNativeTarget "ADSLib" */ = {
			isa = XCConfigurationList;
			buildConfigurations = (
				589F2B671A28FEE7000C122E /* Debug */,
				589F2B681A28FEE7000C122E /* Release */,
			);
			defaultConfigurationIsVisible = 0;
			defaultConfigurationName = Release;
		};
		589F2B6C1A28FEE7000C122E /* Build configuration list for PBXNativeTarget "ADSLibTests" */ = {
			isa = XCConfigurationList;
			buildConfigurations = (
				589F2B691A28FEE7000C122E /* Debug */,
				589F2B6A1A28FEE7000C122E /* Release */,
			);
			defaultConfigurationIsVisible = 0;
			defaultConfigurationName = Release;
		};
		BE213E94C62E971D05740518 /* Build configuration list for PBXProject "Algorithms and Data Structures" */ = {
			isa = XCConfigurationList;
			buildConfigurations = (
				BE2137C14E3EDEB3B7688D70 /* Debug */,
				BE213CD99A8165CAD9B2E0A1 /* Release */,
			);
			defaultConfigurationIsVisible = 0;
			defaultConfigurationName = Release;
		};
/* End XCConfigurationList section */
	};
	rootObject = BE2136613AEADC5778E9A91F /* Project object */;
}
